
Microsoft Visual Studio Solution File, Format Version 12.00
# Visual Studio 14
VisualStudioVersion = 14.0.24720.0
MinimumVisualStudioVersion = 10.0.40219.1
Project("{8BC9CEB8-8B4A-11D0-8D11-00A0C91BC942}") = "BaseLib", "BaseLib\BaseLib.vcxproj", "{7DEFAA61-169C-48B9-95B8-410B5493033B}"
EndProject
Project("{8BC9CEB8-8B4A-11D0-8D11-00A0C91BC942}") = "BaseCpuLib", "BaseCpuLib\BaseCpuLib.vcxproj", "{DEAFD87B-ED44-4D6E-B6AF-46762DD3B02D}"
EndProject
Project("{8BC9CEB8-8B4A-11D0-8D11-00A0C91BC942}") = "UefiLib", "UefiLib\UefiLib.vcxproj", "{1D620CCA-0BD8-4BEB-A0BC-6D7164E95634}"
EndProject
Project("{8BC9CEB8-8B4A-11D0-8D11-00A0C91BC942}") = "UefiApplicationEntryPoint", "UefiApplicationEntryPoint\UefiApplicationEntryPoint.vcxproj", "{93D9DC93-154F-47F0-9FCC-C93AA23CB1C3}"
EndProject
Project("{8BC9CEB8-8B4A-11D0-8D11-00A0C91BC942}") = "BaseCacheMaintenanceLib", "BaseCacheMaintenanceLib\BaseCacheMaintenanceLib.vcxproj", "{CE39A737-B7EE-4542-8EF7-B829E8E2FBC0}"
EndProject
Project("{8BC9CEB8-8B4A-11D0-8D11-00A0C91BC942}") = "UefiMemoryLib", "UefiMemoryLib\UefiMemoryLib.vcxproj", "{450578CF-FB0F-48F3-8249-B4349E252239}"
EndProject
Project("{8BC9CEB8-8B4A-11D0-8D11-00A0C91BC942}") = "UefiMemoryAllocationLib", "UefiMemoryAllocationLib\UefiMemoryAllocationLib.vcxproj", "{878366AB-B98A-4933-A487-DCE343F51371}"
EndProject
Project("{8BC9CEB8-8B4A-11D0-8D11-00A0C91BC942}") = "BasePrintLib", "BasePrintLib\BasePrintLib.vcxproj", "{0FF40B47-3294-4652-ADAD-BD484ED6C5B3}"
EndProject
Project("{8BC9CEB8-8B4A-11D0-8D11-00A0C91BC942}") = "UefiDebugLibConOut", "UefiDebugLibConOut\UefiDebugLibConOut.vcxproj", "{B676BEE0-4049-445C-B20D-C3AD7B3983E4}"
EndProject
Project("{8BC9CEB8-8B4A-11D0-8D11-00A0C91BC942}") = "UefiBootServicesTableLib", "UefiBootServicesTableLib\UefiBootServicesTableLib.vcxproj", "{8803BB67-A004-4562-8B61-8F49E313A389}"
EndProject
Project("{8BC9CEB8-8B4A-11D0-8D11-00A0C91BC942}") = "BaseDebugPrintErrorLevelLib", "BaseDebugPrintErrorLevelLib\BaseDebugPrintErrorLevelLib.vcxproj", "{7338D0E6-4409-49FA-BD0C-946BE5CE9081}"
EndProject
Project("{8BC9CEB8-8B4A-11D0-8D11-00A0C91BC942}") = "UefiDevicePathLibDevicePathProtocol", "UefiDevicePathLibDevicePathProtocol\UefiDevicePathLibDevicePathProtocol.vcxproj", "{61686617-D12A-487E-A519-EC4AE9403730}"
EndProject
Project("{8BC9CEB8-8B4A-11D0-8D11-00A0C91BC942}") = "BaseSynchronizationLib", "BaseSynchronizationLib\BaseSynchronizationLib.vcxproj", "{D100C7E5-DECA-4BBE-AE92-4B7ED03873B1}"
EndProject
Project("{8BC9CEB8-8B4A-11D0-8D11-00A0C91BC942}") = "UefiFileHandleLib", "UefiFileHandleLib\UefiFileHandleLib.vcxproj", "{F93A3A1B-0311-43FB-A6A8-B7592583EDFB}"
EndProject
Project("{8BC9CEB8-8B4A-11D0-8D11-00A0C91BC942}") = "UefiRuntimeServicesTableLib", "UefiRuntimeServicesTableLib\UefiRuntimeServicesTableLib.vcxproj", "{6E4AF2C5-0A16-4467-A6DE-A81E682C2659}"
EndProject
Project("{8BC9CEB8-8B4A-11D0-8D11-00A0C91BC942}") = "UefiDriverEntryPoint", "UefiDriverEntryPoint\UefiDriverEntryPoint.vcxproj", "{A2CFE12C-B942-4A78-97AF-8A0F8FF6DDC7}"
EndProject
Project("{8BC9CEB8-8B4A-11D0-8D11-00A0C91BC942}") = "GlueLib", "GlueLib\GlueLib.vcxproj", "{DF325AB7-67A6-473E-93FF-16955AFBC063}"
EndProject
Project("{8BC9CEB8-8B4A-11D0-8D11-00A0C91BC942}") = "UefiRuntimeLib", "UefiRuntimeLib\UefiRuntimeLib.vcxproj", "{4801026C-F7EA-4D77-A98B-C075C253CF32}"
EndProject
Project("{8BC9CEB8-8B4A-11D0-8D11-00A0C91BC942}") = "BaseMemoryLib", "BaseMemoryLib\BaseMemoryLib.vcxproj", "{800C8E76-FFE0-4892-BD11-429B51D556D0}"
EndProject
Project("{8BC9CEB8-8B4A-11D0-8D11-00A0C91BC942}") = "OpensslLib", "OpensslLib\OpensslLib.vcxproj", "{362BEE7E-5FBE-45D4-B303-3C0451E87C35}"
EndProject
Project("{8BC9CEB8-8B4A-11D0-8D11-00A0C91BC942}") = "BaseCryptLib", "BaseCryptLib\BaseCryptLib.vcxproj", "{6F08C1AF-ECF2-472D-8ABA-686F8F21CA5E}"
	ProjectSection(ProjectDependencies) = postProject
		{362BEE7E-5FBE-45D4-B303-3C0451E87C35} = {362BEE7E-5FBE-45D4-B303-3C0451E87C35}
	EndProjectSection
EndProject
Project("{8BC9CEB8-8B4A-11D0-8D11-00A0C91BC942}") = "IntrinsicLib", "IntrinsicLib\IntrinsicLib.vcxproj", "{74A1C96B-5DAD-4A89-AFA0-AEB6138C1A74}"
EndProject
Project("{8BC9CEB8-8B4A-11D0-8D11-00A0C91BC942}") = "UefiShellLib", "UefiShellLib\UefiShellLib.vcxproj", "{D71E4E3B-6239-4AD1-A1C8-272E8673F980}"
EndProject
Project("{8BC9CEB8-8B4A-11D0-8D11-00A0C91BC942}") = "UefiSortLib", "UefiSortLib\UefiSortLib.vcxproj", "{9B66ED85-72D6-4581-9A56-4E1F94D0C787}"
EndProject
Project("{8BC9CEB8-8B4A-11D0-8D11-00A0C91BC942}") = "UefiHiiLib", "UefiHiiLib\UefiHiiLib.vcxproj", "{53122BEE-9C19-4380-8B7F-B9D8FFA28AB0}"
EndProject
Project("{8BC9CEB8-8B4A-11D0-8D11-00A0C91BC942}") = "UefiHiiServicesLib", "UefiHiiServicesLib\UefiHiiServicesLib.vcxproj", "{8B3E5877-7789-4E21-9E7E-497FCFC70AC4}"
EndProject
Global
	GlobalSection(SolutionConfigurationPlatforms) = preSolution
		Release|x64 = Release|x64
	EndGlobalSection
	GlobalSection(ProjectConfigurationPlatforms) = postSolution
		{7DEFAA61-169C-48B9-95B8-410B5493033B}.Release|x64.ActiveCfg = Release|x64
		{7DEFAA61-169C-48B9-95B8-410B5493033B}.Release|x64.Build.0 = Release|x64
		{DEAFD87B-ED44-4D6E-B6AF-46762DD3B02D}.Release|x64.ActiveCfg = Release|x64
		{DEAFD87B-ED44-4D6E-B6AF-46762DD3B02D}.Release|x64.Build.0 = Release|x64
		{1D620CCA-0BD8-4BEB-A0BC-6D7164E95634}.Release|x64.ActiveCfg = Release|x64
		{1D620CCA-0BD8-4BEB-A0BC-6D7164E95634}.Release|x64.Build.0 = Release|x64
		{93D9DC93-154F-47F0-9FCC-C93AA23CB1C3}.Release|x64.ActiveCfg = Release|x64
		{93D9DC93-154F-47F0-9FCC-C93AA23CB1C3}.Release|x64.Build.0 = Release|x64
		{CE39A737-B7EE-4542-8EF7-B829E8E2FBC0}.Release|x64.ActiveCfg = Release|x64
		{CE39A737-B7EE-4542-8EF7-B829E8E2FBC0}.Release|x64.Build.0 = Release|x64
		{450578CF-FB0F-48F3-8249-B4349E252239}.Release|x64.ActiveCfg = Release|x64
		{450578CF-FB0F-48F3-8249-B4349E252239}.Release|x64.Build.0 = Release|x64
		{878366AB-B98A-4933-A487-DCE343F51371}.Release|x64.ActiveCfg = Release|x64
		{878366AB-B98A-4933-A487-DCE343F51371}.Release|x64.Build.0 = Release|x64
		{0FF40B47-3294-4652-ADAD-BD484ED6C5B3}.Release|x64.ActiveCfg = Release|x64
		{0FF40B47-3294-4652-ADAD-BD484ED6C5B3}.Release|x64.Build.0 = Release|x64
		{B676BEE0-4049-445C-B20D-C3AD7B3983E4}.Release|x64.ActiveCfg = Release|x64
		{B676BEE0-4049-445C-B20D-C3AD7B3983E4}.Release|x64.Build.0 = Release|x64
		{8803BB67-A004-4562-8B61-8F49E313A389}.Release|x64.ActiveCfg = Release|x64
		{8803BB67-A004-4562-8B61-8F49E313A389}.Release|x64.Build.0 = Release|x64
		{7338D0E6-4409-49FA-BD0C-946BE5CE9081}.Release|x64.ActiveCfg = Release|x64
		{7338D0E6-4409-49FA-BD0C-946BE5CE9081}.Release|x64.Build.0 = Release|x64
		{61686617-D12A-487E-A519-EC4AE9403730}.Release|x64.ActiveCfg = Release|x64
		{61686617-D12A-487E-A519-EC4AE9403730}.Release|x64.Build.0 = Release|x64
		{D100C7E5-DECA-4BBE-AE92-4B7ED03873B1}.Release|x64.ActiveCfg = Release|x64
		{D100C7E5-DECA-4BBE-AE92-4B7ED03873B1}.Release|x64.Build.0 = Release|x64
		{F93A3A1B-0311-43FB-A6A8-B7592583EDFB}.Release|x64.ActiveCfg = Release|x64
		{F93A3A1B-0311-43FB-A6A8-B7592583EDFB}.Release|x64.Build.0 = Release|x64
		{6E4AF2C5-0A16-4467-A6DE-A81E682C2659}.Release|x64.ActiveCfg = Release|x64
		{6E4AF2C5-0A16-4467-A6DE-A81E682C2659}.Release|x64.Build.0 = Release|x64
		{A2CFE12C-B942-4A78-97AF-8A0F8FF6DDC7}.Release|x64.ActiveCfg = Release|x64
		{A2CFE12C-B942-4A78-97AF-8A0F8FF6DDC7}.Release|x64.Build.0 = Release|x64
		{DF325AB7-67A6-473E-93FF-16955AFBC063}.Release|x64.ActiveCfg = Release|x64
		{DF325AB7-67A6-473E-93FF-16955AFBC063}.Release|x64.Build.0 = Release|x64
		{4801026C-F7EA-4D77-A98B-C075C253CF32}.Release|x64.ActiveCfg = Release|x64
		{4801026C-F7EA-4D77-A98B-C075C253CF32}.Release|x64.Build.0 = Release|x64
		{800C8E76-FFE0-4892-BD11-429B51D556D0}.Release|x64.ActiveCfg = Release|x64
		{800C8E76-FFE0-4892-BD11-429B51D556D0}.Release|x64.Build.0 = Release|x64
		{362BEE7E-5FBE-45D4-B303-3C0451E87C35}.Release|x64.ActiveCfg = Release|x64
		{362BEE7E-5FBE-45D4-B303-3C0451E87C35}.Release|x64.Build.0 = Release|x64
		{6F08C1AF-ECF2-472D-8ABA-686F8F21CA5E}.Release|x64.ActiveCfg = Release|x64
		{6F08C1AF-ECF2-472D-8ABA-686F8F21CA5E}.Release|x64.Build.0 = Release|x64
		{74A1C96B-5DAD-4A89-AFA0-AEB6138C1A74}.Release|x64.ActiveCfg = Release|x64
		{74A1C96B-5DAD-4A89-AFA0-AEB6138C1A74}.Release|x64.Build.0 = Release|x64
		{D71E4E3B-6239-4AD1-A1C8-272E8673F980}.Release|x64.ActiveCfg = Release|x64
		{D71E4E3B-6239-4AD1-A1C8-272E8673F980}.Release|x64.Build.0 = Release|x64
		{9B66ED85-72D6-4581-9A56-4E1F94D0C787}.Release|x64.ActiveCfg = Release|x64
		{9B66ED85-72D6-4581-9A56-4E1F94D0C787}.Release|x64.Build.0 = Release|x64
		{53122BEE-9C19-4380-8B7F-B9D8FFA28AB0}.Release|x64.ActiveCfg = Release|x64
		{53122BEE-9C19-4380-8B7F-B9D8FFA28AB0}.Release|x64.Build.0 = Release|x64
		{8B3E5877-7789-4E21-9E7E-497FCFC70AC4}.Release|x64.ActiveCfg = Release|x64
		{8B3E5877-7789-4E21-9E7E-497FCFC70AC4}.Release|x64.Build.0 = Release|x64
	EndGlobalSection
	GlobalSection(SolutionProperties) = preSolution
		HideSolutionNode = FALSE
	EndGlobalSection
EndGlobal
